<Solution>
  <Folder Name="/src/">
    <Project Path="src/OrderAccumulator.Api/OrderAccumulator.Api.csproj" />
    <Project Path="src/OrderAccumulator.Application/OrderAccumulator.Application.csproj" />
    <Project Path="src/OrderAccumulator.Domain/OrderAccumulator.Domain.csproj" />
    <Project Path="src/OrderAccumulator.Infrastructure/OrderAccumulator.Infrastructure.csproj" />
    <Project Path="src/OrderExposure.AppHost/OrderExposure.AppHost.csproj" />
    <Project Path="src/OrderExposure.Contracts/OrderExposure.Contracts.csproj" />
    <Project Path="src/OrderExposure.ServiceDefaults/OrderExposure.ServiceDefaults.csproj" />
    <Project Path="src/OrderGenerator/OrderGenerator.csproj" />
  </Folder>
  <Folder Name="/tests/">
    <Project Path="tests/OrderAccumulator.Tests/OrderAccumulator.Tests.csproj" />
  </Folder>
</Solution>
