<Solution>
  <Folder Name="/OrderEsposure.Contracts/">
    <Project Path="OrderEsposure.Contracts/OrderExposure.Contracts.csproj" />
  </Folder>
  <Project Path="OrderAccumulator.Api/OrderAccumulator.Api.csproj" />
  <Project Path="OrderAccumulator.Domain/OrderAccumulator.Domain.csproj" />
  <Project Path="OrderExposure.AppHost/OrderExposure.AppHost.csproj" />
  <Project Path="OrderExposure.ServiceDefaults/OrderExposure.ServiceDefaults.csproj" />
  <Project Path="OrderGenerator/OrderGenerator.csproj" />
</Solution>
